
Microsoft Visual Studio Solution File, Format Version 12.00
# Visual Studio Version 17
VisualStudioVersion = 17.7.34024.191
MinimumVisualStudioVersion = 10.0.40219.1
Project("{FAE04EC0-301F-11D3-BF4B-00C04F79EFBC}") = "TrabalhoHiran", "TrabalhoHiran\TrabalhoHiran.csproj", "{4FCB8248-CDC8-457B-95F1-B9063B0907D8}"
EndProject
Global
	GlobalSection(SolutionConfigurationPlatforms) = preSolution
		Debug|Any CPU = Debug|Any CPU
		Release|Any CPU = Release|Any CPU
	EndGlobalSection
	GlobalSection(ProjectConfigurationPlatforms) = postSolution
		{4FCB8248-CDC8-457B-95F1-B9063B0907D8}.Debug|Any CPU.ActiveCfg = Debug|Any CPU
		{4FCB8248-CDC8-457B-95F1-B9063B0907D8}.Debug|Any CPU.Build.0 = Debug|Any CPU
		{4FCB8248-CDC8-457B-95F1-B9063B0907D8}.Release|Any CPU.ActiveCfg = Release|Any CPU
		{4FCB8248-CDC8-457B-95F1-B9063B0907D8}.Release|Any CPU.Build.0 = Release|Any CPU
	EndGlobalSection
	GlobalSection(SolutionProperties) = preSolution
		HideSolutionNode = FALSE
	EndGlobalSection
	GlobalSection(ExtensibilityGlobals) = postSolution
		SolutionGuid = {C7C93524-BD2C-40E0-9C6C-75BF2D545A47}
	EndGlobalSection
EndGlobal
